github.com/codegangsta/cli v1.20.0/go.mod h1:/qJNoX69yVSKu5o4jLyXAENLRyk1uhi7zkbQ3slBdOA=
github.com/go-sql-driver/mysql v1.4.1 h1:g24URVg0OFbNUTx9qqY1IRZ9D9z3iPyi5zKhQZpNwpA=
github.com/go-sql-driver/mysql v1.4.1/go.mod h1:zAC/RDZ24gD3HViQzih4MyKcchzm+sOG5ZlKdlhCg5w=
github.com/jinzhu/gorm v1.9.2 h1:lCvgEaqe/HVE+tjAR2mt4HbbHAZsQOv3XAZiEZV37iw=
github.com/jinzhu/gorm v1.9.2/go.mod h1:Vla75njaFJ8clLU1W44h34PjIkijhjHIYnZxMqCdxqo=
github.com/jinzhu/inflection v0.0.0-20180308033659-04140366298a h1:eeaG9XMUvRBYXJi4pg1ZKM7nxc5AfXfojeLLW7O5J3k=
github.com/jinzhu/inflection v0.0.0-20180308033659-04140366298a/go.mod h1:h+uFLlag+Qp1Va5pdKtLDYj+kHp5pxUVkryuEj+Srlc=
github.com/koalaone/model_auto v0.0.0-20190128130552-9f22b46650ba h1:QtOx5TsDlRWWRt4QFO37wILZb1IcWDWEEg1zxHjlI+4=
github.com/koalaone/model_auto v0.0.0-20190128130552-9f22b46650ba/go.mod h1:ExBJgIPUQd+xpcVna7R9WtljM22Dmaa1uDGK0Nq55N8=
github.com/koalaone/model_auto v0.0.0-20190128135656-be00ca988ac0 h1:z/xWAjB6hDXLYK36/QsMxIiJ4VmpdtqngqEWp5auM6Q=
github.com/koalaone/model_auto v0.0.0-20190128135656-be00ca988ac0/go.mod h1:ExBJgIPUQd+xpcVna7R9WtljM22Dmaa1uDGK0Nq55N8=
github.com/shopspring/decimal v0.0.0-20180709203117-cd690d0c9e24/go.mod h1:M+9NzErvs504Cn4c5DxATwIqPbtswREoFCre64PpcG4=
